PODS:
  - Google-Mobile-Ads-SDK (7.34.0)
  - RxCocoa (4.3.1):
    - RxSwift (~> 4.0)
  - RxSwift (4.3.1)

DEPENDENCIES:
  - Google-Mobile-Ads-SDK (~> 7.34.0)
  - RxCocoa (~> 4.3)
  - RxSwift (~> 4.3)

SPEC REPOS:
  https://github.com/cocoapods/specs.git:
    - Google-Mobile-Ads-SDK
    - RxCocoa
    - RxSwift

SPEC CHECKSUMS:
  Google-Mobile-Ads-SDK: a1cbce28c0c78ca1fb0b6c4f213485f55527c99f
  RxCocoa: 78763c7b07d02455598d9fc3c1ad091a28b73635
  RxSwift: fe0fd770a43acdb7d0a53da411c9b892e69bb6e4

PODFILE CHECKSUM: 32d7d11975796db76a5e25ad81a37ff8a7e46e4d

COCOAPODS: 1.6.0.beta.1
