// !$*UTF8*$!
{
	archiveVersion = 1;
	classes = {
	};
	objectVersion = 50;
	objects = {

/* Begin PBXBuildFile section */
		2AA7FF412A16DBBCC533D7DB /* Pods_Example.framework in Frameworks */ = {isa = PBXBuildFile; fileRef = C50DAD0B702754D275FEDFC9 /* Pods_Example.framework */; };
		55535835216F237A007BA2DC /* RewardViewController.swift in Sources */ = {isa = PBXBuildFile; fileRef = 55535834216F237A007BA2DC /* RewardViewController.swift */; };
		555360CB216F19790073EF66 /* AppDelegate.swift in Sources */ = {isa = PBXBuildFile; fileRef = 555360CA216F19790073EF66 /* AppDelegate.swift */; };
		555360D2216F197A0073EF66 /* Assets.xcassets in Resources */ = {isa = PBXBuildFile; fileRef = 555360D1216F197A0073EF66 /* Assets.xcassets */; };
		555360DB216F1A2A0073EF66 /* InterstitialViewController.swift in Sources */ = {isa = PBXBuildFile; fileRef = 555360DA216F1A2A0073EF66 /* InterstitialViewController.swift */; };
		55BEEDE7216DD06400E29001 /* RxAdMob.h in Headers */ = {isa = PBXBuildFile; fileRef = 55BEEDE5216DD06400E29001 /* RxAdMob.h */; settings = {ATTRIBUTES = (Public, ); }; };
		55BEEDF0216DD47200E29001 /* Helpers.swift in Sources */ = {isa = PBXBuildFile; fileRef = 55BEEDEF216DD47200E29001 /* Helpers.swift */; };
		55BEEDF7216DFA9500E29001 /* GADUnifiedNativeAdLoaderDelegateProxy.swift in Sources */ = {isa = PBXBuildFile; fileRef = 55BEEDF1216DFA9500E29001 /* GADUnifiedNativeAdLoaderDelegateProxy.swift */; };
		55BEEDF8216DFA9500E29001 /* GADAdLoaderDelegateProxy.swift in Sources */ = {isa = PBXBuildFile; fileRef = 55BEEDF2216DFA9500E29001 /* GADAdLoaderDelegateProxy.swift */; };
		55BEEDF9216DFA9500E29001 /* GADBannerViewDelegateProxy.swift in Sources */ = {isa = PBXBuildFile; fileRef = 55BEEDF3216DFA9500E29001 /* GADBannerViewDelegateProxy.swift */; };
		55BEEDFA216DFA9500E29001 /* GADRewardBasedVideoAdDelegateProxy.swift in Sources */ = {isa = PBXBuildFile; fileRef = 55BEEDF4216DFA9500E29001 /* GADRewardBasedVideoAdDelegateProxy.swift */; };
		55BEEDFB216DFA9500E29001 /* GADUnifiedNativeAdDelegateProxy.swift in Sources */ = {isa = PBXBuildFile; fileRef = 55BEEDF5216DFA9500E29001 /* GADUnifiedNativeAdDelegateProxy.swift */; };
		55BEEDFC216DFA9500E29001 /* GADInterstitialDelegateProxy.swift in Sources */ = {isa = PBXBuildFile; fileRef = 55BEEDF6216DFA9500E29001 /* GADInterstitialDelegateProxy.swift */; };
		55BEEDFE216DFAE200E29001 /* Selectors.swift in Sources */ = {isa = PBXBuildFile; fileRef = 55BEEDFD216DFAE200E29001 /* Selectors.swift */; };
		55BEEE00216DFB3300E29001 /* GADRewardBasedVideoAd+Rx.swift in Sources */ = {isa = PBXBuildFile; fileRef = 55BEEDFF216DFB3300E29001 /* GADRewardBasedVideoAd+Rx.swift */; };
		55BEEE02216DFBBD00E29001 /* GADInterstitial+Rx.swift in Sources */ = {isa = PBXBuildFile; fileRef = 55BEEE01216DFBBD00E29001 /* GADInterstitial+Rx.swift */; };
		55BEEE04216DFBE600E29001 /* GADAdLoader+Rx.swift in Sources */ = {isa = PBXBuildFile; fileRef = 55BEEE03216DFBE600E29001 /* GADAdLoader+Rx.swift */; };
		55BEEE06216DFCAA00E29001 /* GADUnifiedNativeAd+Rx.swift in Sources */ = {isa = PBXBuildFile; fileRef = 55BEEE05216DFCAA00E29001 /* GADUnifiedNativeAd+Rx.swift */; };
		55BEEE08216DFCD500E29001 /* GADUnifiedNativeAdView+Rx.swift in Sources */ = {isa = PBXBuildFile; fileRef = 55BEEE07216DFCD500E29001 /* GADUnifiedNativeAdView+Rx.swift */; };
		55BEEE0A216DFE1000E29001 /* GADAdReward+Rx.swift in Sources */ = {isa = PBXBuildFile; fileRef = 55BEEE09216DFE1000E29001 /* GADAdReward+Rx.swift */; };
		55BEEE10216E073A00E29001 /* LICENSE in Resources */ = {isa = PBXBuildFile; fileRef = 55BEEE0F216E073A00E29001 /* LICENSE */; };
		F2D8C9EE2285EDC600EF3197 /* RxSwift.framework in Frameworks */ = {isa = PBXBuildFile; fileRef = F2D8C9ED2285EDC600EF3197 /* RxSwift.framework */; };
		F2D8C9F02285EDD800EF3197 /* RxCocoa.framework in Frameworks */ = {isa = PBXBuildFile; fileRef = F2D8C9EF2285EDD800EF3197 /* RxCocoa.framework */; };
		F2D8C9F32285F6F700EF3197 /* GoogleMobileAds.framework in Frameworks */ = {isa = PBXBuildFile; fileRef = F2D8C9F22285F6F700EF3197 /* GoogleMobileAds.framework */; };
/* End PBXBuildFile section */

/* Begin PBXFileReference section */
		52FBA8F7AF355E8310858141 /* Pods-Example.release.xcconfig */ = {isa = PBXFileReference; includeInIndex = 1; lastKnownFileType = text.xcconfig; name = "Pods-Example.release.xcconfig"; path = "Target Support Files/Pods-Example/Pods-Example.release.xcconfig"; sourceTree = "<group>"; };
		55535834216F237A007BA2DC /* RewardViewController.swift */ = {isa = PBXFileReference; lastKnownFileType = sourcecode.swift; path = RewardViewController.swift; sourceTree = "<group>"; };
		555360C8216F19790073EF66 /* Example.app */ = {isa = PBXFileReference; explicitFileType = wrapper.application; includeInIndex = 0; path = Example.app; sourceTree = BUILT_PRODUCTS_DIR; };
		555360CA216F19790073EF66 /* AppDelegate.swift */ = {isa = PBXFileReference; lastKnownFileType = sourcecode.swift; path = AppDelegate.swift; sourceTree = "<group>"; };
		555360D1216F197A0073EF66 /* Assets.xcassets */ = {isa = PBXFileReference; lastKnownFileType = folder.assetcatalog; path = Assets.xcassets; sourceTree = "<group>"; };
		555360D6216F197A0073EF66 /* Info.plist */ = {isa = PBXFileReference; lastKnownFileType = text.plist.xml; path = Info.plist; sourceTree = "<group>"; };
		555360DA216F1A2A0073EF66 /* InterstitialViewController.swift */ = {isa = PBXFileReference; fileEncoding = 4; lastKnownFileType = sourcecode.swift; path = InterstitialViewController.swift; sourceTree = "<group>"; };
		55BEEDE2216DD06400E29001 /* RxAdMob.framework */ = {isa = PBXFileReference; explicitFileType = wrapper.framework; includeInIndex = 0; path = RxAdMob.framework; sourceTree = BUILT_PRODUCTS_DIR; };
		55BEEDE5216DD06400E29001 /* RxAdMob.h */ = {isa = PBXFileReference; lastKnownFileType = sourcecode.c.h; path = RxAdMob.h; sourceTree = "<group>"; };
		55BEEDE6216DD06400E29001 /* Info.plist */ = {isa = PBXFileReference; lastKnownFileType = text.plist.xml; path = Info.plist; sourceTree = "<group>"; };
		55BEEDEF216DD47200E29001 /* Helpers.swift */ = {isa = PBXFileReference; lastKnownFileType = sourcecode.swift; path = Helpers.swift; sourceTree = "<group>"; };
		55BEEDF1216DFA9500E29001 /* GADUnifiedNativeAdLoaderDelegateProxy.swift */ = {isa = PBXFileReference; fileEncoding = 4; lastKnownFileType = sourcecode.swift; path = GADUnifiedNativeAdLoaderDelegateProxy.swift; sourceTree = "<group>"; };
		55BEEDF2216DFA9500E29001 /* GADAdLoaderDelegateProxy.swift */ = {isa = PBXFileReference; fileEncoding = 4; lastKnownFileType = sourcecode.swift; path = GADAdLoaderDelegateProxy.swift; sourceTree = "<group>"; };
		55BEEDF3216DFA9500E29001 /* GADBannerViewDelegateProxy.swift */ = {isa = PBXFileReference; fileEncoding = 4; lastKnownFileType = sourcecode.swift; path = GADBannerViewDelegateProxy.swift; sourceTree = "<group>"; };
		55BEEDF4216DFA9500E29001 /* GADRewardBasedVideoAdDelegateProxy.swift */ = {isa = PBXFileReference; fileEncoding = 4; lastKnownFileType = sourcecode.swift; path = GADRewardBasedVideoAdDelegateProxy.swift; sourceTree = "<group>"; };
		55BEEDF5216DFA9500E29001 /* GADUnifiedNativeAdDelegateProxy.swift */ = {isa = PBXFileReference; fileEncoding = 4; lastKnownFileType = sourcecode.swift; path = GADUnifiedNativeAdDelegateProxy.swift; sourceTree = "<group>"; };
		55BEEDF6216DFA9500E29001 /* GADInterstitialDelegateProxy.swift */ = {isa = PBXFileReference; fileEncoding = 4; lastKnownFileType = sourcecode.swift; path = GADInterstitialDelegateProxy.swift; sourceTree = "<group>"; };
		55BEEDFD216DFAE200E29001 /* Selectors.swift */ = {isa = PBXFileReference; fileEncoding = 4; lastKnownFileType = sourcecode.swift; path = Selectors.swift; sourceTree = "<group>"; };
		55BEEDFF216DFB3300E29001 /* GADRewardBasedVideoAd+Rx.swift */ = {isa = PBXFileReference; lastKnownFileType = sourcecode.swift; path = "GADRewardBasedVideoAd+Rx.swift"; sourceTree = "<group>"; };
		55BEEE01216DFBBD00E29001 /* GADInterstitial+Rx.swift */ = {isa = PBXFileReference; lastKnownFileType = sourcecode.swift; path = "GADInterstitial+Rx.swift"; sourceTree = "<group>"; };
		55BEEE03216DFBE600E29001 /* GADAdLoader+Rx.swift */ = {isa = PBXFileReference; lastKnownFileType = sourcecode.swift; path = "GADAdLoader+Rx.swift"; sourceTree = "<group>"; };
		55BEEE05216DFCAA00E29001 /* GADUnifiedNativeAd+Rx.swift */ = {isa = PBXFileReference; lastKnownFileType = sourcecode.swift; path = "GADUnifiedNativeAd+Rx.swift"; sourceTree = "<group>"; };
		55BEEE07216DFCD500E29001 /* GADUnifiedNativeAdView+Rx.swift */ = {isa = PBXFileReference; lastKnownFileType = sourcecode.swift; path = "GADUnifiedNativeAdView+Rx.swift"; sourceTree = "<group>"; };
		55BEEE09216DFE1000E29001 /* GADAdReward+Rx.swift */ = {isa = PBXFileReference; lastKnownFileType = sourcecode.swift; path = "GADAdReward+Rx.swift"; sourceTree = "<group>"; };
		55BEEE0F216E073A00E29001 /* LICENSE */ = {isa = PBXFileReference; lastKnownFileType = text; path = LICENSE; sourceTree = "<group>"; };
		99DEBF078CFD06CC366EDA9B /* Pods-Example.debug.xcconfig */ = {isa = PBXFileReference; includeInIndex = 1; lastKnownFileType = text.xcconfig; name = "Pods-Example.debug.xcconfig"; path = "Target Support Files/Pods-Example/Pods-Example.debug.xcconfig"; sourceTree = "<group>"; };
		C50DAD0B702754D275FEDFC9 /* Pods_Example.framework */ = {isa = PBXFileReference; explicitFileType = wrapper.framework; includeInIndex = 0; path = Pods_Example.framework; sourceTree = BUILT_PRODUCTS_DIR; };
		D1BB0DE8143AE1ECF251CC51 /* Pods_RxAdMob.framework */ = {isa = PBXFileReference; explicitFileType = wrapper.framework; includeInIndex = 0; path = Pods_RxAdMob.framework; sourceTree = BUILT_PRODUCTS_DIR; };
		F2D8C9ED2285EDC600EF3197 /* RxSwift.framework */ = {isa = PBXFileReference; lastKnownFileType = wrapper.framework; name = RxSwift.framework; path = Carthage/Build/iOS/RxSwift.framework; sourceTree = "<group>"; };
		F2D8C9EF2285EDD800EF3197 /* RxCocoa.framework */ = {isa = PBXFileReference; lastKnownFileType = wrapper.framework; name = RxCocoa.framework; path = Carthage/Build/iOS/RxCocoa.framework; sourceTree = "<group>"; };
		F2D8C9F22285F6F700EF3197 /* GoogleMobileAds.framework */ = {isa = PBXFileReference; lastKnownFileType = wrapper.framework; path = GoogleMobileAds.framework; sourceTree = "<group>"; };
/* End PBXFileReference section */

/* Begin PBXFrameworksBuildPhase section */
		555360C5216F19790073EF66 /* Frameworks */ = {
			isa = PBXFrameworksBuildPhase;
			buildActionMask = 2147483647;
			files = (
				2AA7FF412A16DBBCC533D7DB /* Pods_Example.framework in Frameworks */,
			);
			runOnlyForDeploymentPostprocessing = 0;
		};
		55BEEDDF216DD06400E29001 /* Frameworks */ = {
			isa = PBXFrameworksBuildPhase;
			buildActionMask = 2147483647;
			files = (
				F2D8C9F32285F6F700EF3197 /* GoogleMobileAds.framework in Frameworks */,
				F2D8C9F02285EDD800EF3197 /* RxCocoa.framework in Frameworks */,
				F2D8C9EE2285EDC600EF3197 /* RxSwift.framework in Frameworks */,
			);
			runOnlyForDeploymentPostprocessing = 0;
		};
/* End PBXFrameworksBuildPhase section */

/* Begin PBXGroup section */
		555360C9216F19790073EF66 /* Example */ = {
			isa = PBXGroup;
			children = (
				555360CA216F19790073EF66 /* AppDelegate.swift */,
				555360DA216F1A2A0073EF66 /* InterstitialViewController.swift */,
				555360D1216F197A0073EF66 /* Assets.xcassets */,
				555360D6216F197A0073EF66 /* Info.plist */,
				55535834216F237A007BA2DC /* RewardViewController.swift */,
			);
			path = Example;
			sourceTree = "<group>";
		};
		55BEEDD8216DD06400E29001 = {
			isa = PBXGroup;
			children = (
				55BEEE0F216E073A00E29001 /* LICENSE */,
				55BEEE0E216DFEBC00E29001 /* Sources */,
				55BEEDE4216DD06400E29001 /* RxAdMob */,
				555360C9216F19790073EF66 /* Example */,
				55BEEDE3216DD06400E29001 /* Products */,
				B61DCD1D854134FEBBE52F66 /* Frameworks */,
				FE7315076F5FEBBAC745C239 /* Pods */,
			);
			sourceTree = "<group>";
		};
		55BEEDE3216DD06400E29001 /* Products */ = {
			isa = PBXGroup;
			children = (
				55BEEDE2216DD06400E29001 /* RxAdMob.framework */,
				555360C8216F19790073EF66 /* Example.app */,
			);
			name = Products;
			sourceTree = "<group>";
		};
		55BEEDE4216DD06400E29001 /* RxAdMob */ = {
			isa = PBXGroup;
			children = (
				55BEEDE5216DD06400E29001 /* RxAdMob.h */,
				55BEEDE6216DD06400E29001 /* Info.plist */,
			);
			path = RxAdMob;
			sourceTree = "<group>";
		};
		55BEEE0E216DFEBC00E29001 /* Sources */ = {
			isa = PBXGroup;
			children = (
				55BEEDF2216DFA9500E29001 /* GADAdLoaderDelegateProxy.swift */,
				55BEEDF3216DFA9500E29001 /* GADBannerViewDelegateProxy.swift */,
				55BEEDF6216DFA9500E29001 /* GADInterstitialDelegateProxy.swift */,
				55BEEDF4216DFA9500E29001 /* GADRewardBasedVideoAdDelegateProxy.swift */,
				55BEEDF5216DFA9500E29001 /* GADUnifiedNativeAdDelegateProxy.swift */,
				55BEEDF1216DFA9500E29001 /* GADUnifiedNativeAdLoaderDelegateProxy.swift */,
				55BEEDFF216DFB3300E29001 /* GADRewardBasedVideoAd+Rx.swift */,
				55BEEE01216DFBBD00E29001 /* GADInterstitial+Rx.swift */,
				55BEEE03216DFBE600E29001 /* GADAdLoader+Rx.swift */,
				55BEEE05216DFCAA00E29001 /* GADUnifiedNativeAd+Rx.swift */,
				55BEEE07216DFCD500E29001 /* GADUnifiedNativeAdView+Rx.swift */,
				55BEEE09216DFE1000E29001 /* GADAdReward+Rx.swift */,
				55BEEDFD216DFAE200E29001 /* Selectors.swift */,
				55BEEDEF216DD47200E29001 /* Helpers.swift */,
			);
			path = Sources;
			sourceTree = "<group>";
		};
		B61DCD1D854134FEBBE52F66 /* Frameworks */ = {
			isa = PBXGroup;
			children = (
				F2D8C9F22285F6F700EF3197 /* GoogleMobileAds.framework */,
				F2D8C9EF2285EDD800EF3197 /* RxCocoa.framework */,
				F2D8C9ED2285EDC600EF3197 /* RxSwift.framework */,
				D1BB0DE8143AE1ECF251CC51 /* Pods_RxAdMob.framework */,
				C50DAD0B702754D275FEDFC9 /* Pods_Example.framework */,
			);
			name = Frameworks;
			sourceTree = "<group>";
		};
		FE7315076F5FEBBAC745C239 /* Pods */ = {
			isa = PBXGroup;
			children = (
				99DEBF078CFD06CC366EDA9B /* Pods-Example.debug.xcconfig */,
				52FBA8F7AF355E8310858141 /* Pods-Example.release.xcconfig */,
			);
			path = Pods;
			sourceTree = "<group>";
		};
/* End PBXGroup section */

/* Begin PBXHeadersBuildPhase section */
		55BEEDDD216DD06400E29001 /* Headers */ = {
			isa = PBXHeadersBuildPhase;
			buildActionMask = 2147483647;
			files = (
				55BEEDE7216DD06400E29001 /* RxAdMob.h in Headers */,
			);
			runOnlyForDeploymentPostprocessing = 0;
		};
/* End PBXHeadersBuildPhase section */

/* Begin PBXNativeTarget section */
		555360C7216F19790073EF66 /* Example */ = {
			isa = PBXNativeTarget;
			buildConfigurationList = 555360D9216F197A0073EF66 /* Build configuration list for PBXNativeTarget "Example" */;
			buildPhases = (
				4FA9E10AA3656668AC6C5094 /* [CP] Check Pods Manifest.lock */,
				555360C4216F19790073EF66 /* Sources */,
				555360C5216F19790073EF66 /* Frameworks */,
				555360C6216F19790073EF66 /* Resources */,
				53B34010B592D4D92F763F27 /* [CP] Embed Pods Frameworks */,
			);
			buildRules = (
			);
			dependencies = (
			);
			name = Example;
			productName = Example;
			productReference = 555360C8216F19790073EF66 /* Example.app */;
			productType = "com.apple.product-type.application";
		};
		55BEEDE1216DD06400E29001 /* RxAdMob */ = {
			isa = PBXNativeTarget;
			buildConfigurationList = 55BEEDEA216DD06400E29001 /* Build configuration list for PBXNativeTarget "RxAdMob" */;
			buildPhases = (
				55BEEDDD216DD06400E29001 /* Headers */,
				55BEEDDE216DD06400E29001 /* Sources */,
				55BEEDDF216DD06400E29001 /* Frameworks */,
				55BEEDE0216DD06400E29001 /* Resources */,
				F2D8C9F12285EDEE00EF3197 /* Carthage Run Script */,
			);
			buildRules = (
			);
			dependencies = (
			);
			name = RxAdMob;
			productName = RxAdMob;
			productReference = 55BEEDE2216DD06400E29001 /* RxAdMob.framework */;
			productType = "com.apple.product-type.framework";
		};
/* End PBXNativeTarget section */

/* Begin PBXProject section */
		55BEEDD9216DD06400E29001 /* Project object */ = {
			isa = PBXProject;
			attributes = {
				LastSwiftUpdateCheck = 1000;
				LastUpgradeCheck = 1000;
				ORGANIZATIONNAME = "Jihoon Jung";
				TargetAttributes = {
					555360C7216F19790073EF66 = {
						CreatedOnToolsVersion = 10.0;
					};
					55BEEDE1216DD06400E29001 = {
						CreatedOnToolsVersion = 10.0;
						LastSwiftMigration = 1000;
					};
				};
			};
			buildConfigurationList = 55BEEDDC216DD06400E29001 /* Build configuration list for PBXProject "RxAdMob" */;
			compatibilityVersion = "Xcode 9.3";
			developmentRegion = en;
			hasScannedForEncodings = 0;
			knownRegions = (
				en,
				Base,
			);
			mainGroup = 55BEEDD8216DD06400E29001;
			productRefGroup = 55BEEDE3216DD06400E29001 /* Products */;
			projectDirPath = "";
			projectRoot = "";
			targets = (
				55BEEDE1216DD06400E29001 /* RxAdMob */,
				555360C7216F19790073EF66 /* Example */,
			);
		};
/* End PBXProject section */

/* Begin PBXResourcesBuildPhase section */
		555360C6216F19790073EF66 /* Resources */ = {
			isa = PBXResourcesBuildPhase;
			buildActionMask = 2147483647;
			files = (
				555360D2216F197A0073EF66 /* Assets.xcassets in Resources */,
			);
			runOnlyForDeploymentPostprocessing = 0;
		};
		55BEEDE0216DD06400E29001 /* Resources */ = {
			isa = PBXResourcesBuildPhase;
			buildActionMask = 2147483647;
			files = (
				55BEEE10216E073A00E29001 /* LICENSE in Resources */,
			);
			runOnlyForDeploymentPostprocessing = 0;
		};
/* End PBXResourcesBuildPhase section */

/* Begin PBXShellScriptBuildPhase section */
		4FA9E10AA3656668AC6C5094 /* [CP] Check Pods Manifest.lock */ = {
			isa = PBXShellScriptBuildPhase;
			buildActionMask = 2147483647;
			files = (
			);
			inputFileListPaths = (
			);
			inputPaths = (
				"${PODS_PODFILE_DIR_PATH}/Podfile.lock",
				"${PODS_ROOT}/Manifest.lock",
			);
			name = "[CP] Check Pods Manifest.lock";
			outputFileListPaths = (
			);
			outputPaths = (
				"$(DERIVED_FILE_DIR)/Pods-Example-checkManifestLockResult.txt",
			);
			runOnlyForDeploymentPostprocessing = 0;
			shellPath = /bin/sh;
			shellScript = "diff \"${PODS_PODFILE_DIR_PATH}/Podfile.lock\" \"${PODS_ROOT}/Manifest.lock\" > /dev/null\nif [ $? != 0 ] ; then\n    # print error to STDERR\n    echo \"error: The sandbox is not in sync with the Podfile.lock. Run 'pod install' or update your CocoaPods installation.\" >&2\n    exit 1\nfi\n# This output is used by Xcode 'outputs' to avoid re-running this script phase.\necho \"SUCCESS\" > \"${SCRIPT_OUTPUT_FILE_0}\"\n";
			showEnvVarsInLog = 0;
		};
		53B34010B592D4D92F763F27 /* [CP] Embed Pods Frameworks */ = {
			isa = PBXShellScriptBuildPhase;
			buildActionMask = 2147483647;
			files = (
			);
			inputFileListPaths = (
			);
			inputPaths = (
				"${PODS_ROOT}/Target Support Files/Pods-Example/Pods-Example-frameworks.sh",
				"${BUILT_PRODUCTS_DIR}/GoogleUtilities/GoogleUtilities.framework",
				"${BUILT_PRODUCTS_DIR}/RxCocoa/RxCocoa.framework",
				"${BUILT_PRODUCTS_DIR}/RxRelay/RxRelay.framework",
				"${BUILT_PRODUCTS_DIR}/RxSwift/RxSwift.framework",
				"${BUILT_PRODUCTS_DIR}/nanopb/nanopb.framework",
			);
			name = "[CP] Embed Pods Frameworks";
			outputFileListPaths = (
			);
			outputPaths = (
				"${TARGET_BUILD_DIR}/${FRAMEWORKS_FOLDER_PATH}/GoogleUtilities.framework",
				"${TARGET_BUILD_DIR}/${FRAMEWORKS_FOLDER_PATH}/RxCocoa.framework",
				"${TARGET_BUILD_DIR}/${FRAMEWORKS_FOLDER_PATH}/RxRelay.framework",
				"${TARGET_BUILD_DIR}/${FRAMEWORKS_FOLDER_PATH}/RxSwift.framework",
				"${TARGET_BUILD_DIR}/${FRAMEWORKS_FOLDER_PATH}/nanopb.framework",
			);
			runOnlyForDeploymentPostprocessing = 0;
			shellPath = /bin/sh;
			shellScript = "\"${PODS_ROOT}/Target Support Files/Pods-Example/Pods-Example-frameworks.sh\"\n";
			showEnvVarsInLog = 0;
		};
		F2D8C9F12285EDEE00EF3197 /* Carthage Run Script */ = {
			isa = PBXShellScriptBuildPhase;
			buildActionMask = 2147483647;
			files = (
			);
			inputFileListPaths = (
			);
			inputPaths = (
				"$(SRCROOT)/Carthage/Build/iOS/RxSwift.framework",
				"$(SRCROOT)/Carthage/Build/iOS/RxCocoa.framework",
			);
			name = "Carthage Run Script";
			outputFileListPaths = (
			);
			outputPaths = (
			);
			runOnlyForDeploymentPostprocessing = 0;
			shellPath = /bin/sh;
			shellScript = "/usr/local/bin/carthage copy-frameworks\n";
		};
/* End PBXShellScriptBuildPhase section */

/* Begin PBXSourcesBuildPhase section */
		555360C4216F19790073EF66 /* Sources */ = {
			isa = PBXSourcesBuildPhase;
			buildActionMask = 2147483647;
			files = (
				555360DB216F1A2A0073EF66 /* InterstitialViewController.swift in Sources */,
				555360CB216F19790073EF66 /* AppDelegate.swift in Sources */,
				55535835216F237A007BA2DC /* RewardViewController.swift in Sources */,
			);
			runOnlyForDeploymentPostprocessing = 0;
		};
		55BEEDDE216DD06400E29001 /* Sources */ = {
			isa = PBXSourcesBuildPhase;
			buildActionMask = 2147483647;
			files = (
				55BEEDFC216DFA9500E29001 /* GADInterstitialDelegateProxy.swift in Sources */,
				55BEEDFA216DFA9500E29001 /* GADRewardBasedVideoAdDelegateProxy.swift in Sources */,
				55BEEDF0216DD47200E29001 /* Helpers.swift in Sources */,
				55BEEE06216DFCAA00E29001 /* GADUnifiedNativeAd+Rx.swift in Sources */,
				55BEEE0A216DFE1000E29001 /* GADAdReward+Rx.swift in Sources */,
				55BEEDFB216DFA9500E29001 /* GADUnifiedNativeAdDelegateProxy.swift in Sources */,
				55BEEE00216DFB3300E29001 /* GADRewardBasedVideoAd+Rx.swift in Sources */,
				55BEEDF8216DFA9500E29001 /* GADAdLoaderDelegateProxy.swift in Sources */,
				55BEEE02216DFBBD00E29001 /* GADInterstitial+Rx.swift in Sources */,
				55BEEDF9216DFA9500E29001 /* GADBannerViewDelegateProxy.swift in Sources */,
				55BEEE08216DFCD500E29001 /* GADUnifiedNativeAdView+Rx.swift in Sources */,
				55BEEDFE216DFAE200E29001 /* Selectors.swift in Sources */,
				55BEEE04216DFBE600E29001 /* GADAdLoader+Rx.swift in Sources */,
				55BEEDF7216DFA9500E29001 /* GADUnifiedNativeAdLoaderDelegateProxy.swift in Sources */,
			);
			runOnlyForDeploymentPostprocessing = 0;
		};
/* End PBXSourcesBuildPhase section */

/* Begin XCBuildConfiguration section */
		555360D7216F197A0073EF66 /* Debug */ = {
			isa = XCBuildConfiguration;
			baseConfigurationReference = 99DEBF078CFD06CC366EDA9B /* Pods-Example.debug.xcconfig */;
			buildSettings = {
				ASSETCATALOG_COMPILER_APPICON_NAME = AppIcon;
				CODE_SIGN_STYLE = Automatic;
				DEVELOPMENT_TEAM = LBU8SW9J9R;
				INFOPLIST_FILE = Example/Info.plist;
				IPHONEOS_DEPLOYMENT_TARGET = 12.0;
				LD_RUNPATH_SEARCH_PATHS = (
					"$(inherited)",
					"@executable_path/Frameworks",
				);
				PRODUCT_BUNDLE_IDENTIFIER = kr.pindd.Example;
				PRODUCT_NAME = "$(TARGET_NAME)";
				SWIFT_VERSION = 5.0;
				TARGETED_DEVICE_FAMILY = "1,2";
			};
			name = Debug;
		};
		555360D8216F197A0073EF66 /* Release */ = {
			isa = XCBuildConfiguration;
			baseConfigurationReference = 52FBA8F7AF355E8310858141 /* Pods-Example.release.xcconfig */;
			buildSettings = {
				ASSETCATALOG_COMPILER_APPICON_NAME = AppIcon;
				CODE_SIGN_STYLE = Automatic;
				DEVELOPMENT_TEAM = LBU8SW9J9R;
				INFOPLIST_FILE = Example/Info.plist;
				IPHONEOS_DEPLOYMENT_TARGET = 12.0;
				LD_RUNPATH_SEARCH_PATHS = (
					"$(inherited)",
					"@executable_path/Frameworks",
				);
				PRODUCT_BUNDLE_IDENTIFIER = kr.pindd.Example;
				PRODUCT_NAME = "$(TARGET_NAME)";
				SWIFT_VERSION = 5.0;
				TARGETED_DEVICE_FAMILY = "1,2";
			};
			name = Release;
		};
		55BEEDE8216DD06400E29001 /* Debug */ = {
			isa = XCBuildConfiguration;
			buildSettings = {
				ALWAYS_SEARCH_USER_PATHS = NO;
				CLANG_ANALYZER_NONNULL = YES;
				CLANG_ANALYZER_NUMBER_OBJECT_CONVERSION = YES_AGGRESSIVE;
				CLANG_CXX_LANGUAGE_STANDARD = "gnu++14";
				CLANG_CXX_LIBRARY = "libc++";
				CLANG_ENABLE_MODULES = YES;
				CLANG_ENABLE_OBJC_ARC = YES;
				CLANG_ENABLE_OBJC_WEAK = YES;
				CLANG_WARN_BLOCK_CAPTURE_AUTORELEASING = YES;
				CLANG_WARN_BOOL_CONVERSION = YES;
				CLANG_WARN_COMMA = YES;
				CLANG_WARN_CONSTANT_CONVERSION = YES;
				CLANG_WARN_DEPRECATED_OBJC_IMPLEMENTATIONS = YES;
				CLANG_WARN_DIRECT_OBJC_ISA_USAGE = YES_ERROR;
				CLANG_WARN_DOCUMENTATION_COMMENTS = YES;
				CLANG_WARN_EMPTY_BODY = YES;
				CLANG_WARN_ENUM_CONVERSION = YES;
				CLANG_WARN_INFINITE_RECURSION = YES;
				CLANG_WARN_INT_CONVERSION = YES;
				CLANG_WARN_NON_LITERAL_NULL_CONVERSION = YES;
				CLANG_WARN_OBJC_IMPLICIT_RETAIN_SELF = YES;
				CLANG_WARN_OBJC_LITERAL_CONVERSION = YES;
				CLANG_WARN_OBJC_ROOT_CLASS = YES_ERROR;
				CLANG_WARN_RANGE_LOOP_ANALYSIS = YES;
				CLANG_WARN_STRICT_PROTOTYPES = YES;
				CLANG_WARN_SUSPICIOUS_MOVE = YES;
				CLANG_WARN_UNGUARDED_AVAILABILITY = YES_AGGRESSIVE;
				CLANG_WARN_UNREACHABLE_CODE = YES;
				CLANG_WARN__DUPLICATE_METHOD_MATCH = YES;
				CODE_SIGN_IDENTITY = "iPhone Developer";
				COPY_PHASE_STRIP = NO;
				CURRENT_PROJECT_VERSION = 1;
				DEBUG_INFORMATION_FORMAT = dwarf;
				ENABLE_STRICT_OBJC_MSGSEND = YES;
				ENABLE_TESTABILITY = YES;
				GCC_C_LANGUAGE_STANDARD = gnu11;
				GCC_DYNAMIC_NO_PIC = NO;
				GCC_NO_COMMON_BLOCKS = YES;
				GCC_OPTIMIZATION_LEVEL = 0;
				GCC_PREPROCESSOR_DEFINITIONS = (
					"DEBUG=1",
					"$(inherited)",
				);
				GCC_WARN_64_TO_32_BIT_CONVERSION = YES;
				GCC_WARN_ABOUT_RETURN_TYPE = YES_ERROR;
				GCC_WARN_UNDECLARED_SELECTOR = YES;
				GCC_WARN_UNINITIALIZED_AUTOS = YES_AGGRESSIVE;
				GCC_WARN_UNUSED_FUNCTION = YES;
				GCC_WARN_UNUSED_VARIABLE = YES;
				IPHONEOS_DEPLOYMENT_TARGET = 8.0;
				MTL_ENABLE_DEBUG_INFO = INCLUDE_SOURCE;
				MTL_FAST_MATH = YES;
				ONLY_ACTIVE_ARCH = YES;
				SDKROOT = iphoneos;
				SWIFT_ACTIVE_COMPILATION_CONDITIONS = DEBUG;
				SWIFT_OPTIMIZATION_LEVEL = "-Onone";
				VERSIONING_SYSTEM = "apple-generic";
				VERSION_INFO_PREFIX = "";
			};
			name = Debug;
		};
		55BEEDE9216DD06400E29001 /* Release */ = {
			isa = XCBuildConfiguration;
			buildSettings = {
				ALWAYS_SEARCH_USER_PATHS = NO;
				CLANG_ANALYZER_NONNULL = YES;
				CLANG_ANALYZER_NUMBER_OBJECT_CONVERSION = YES_AGGRESSIVE;
				CLANG_CXX_LANGUAGE_STANDARD = "gnu++14";
				CLANG_CXX_LIBRARY = "libc++";
				CLANG_ENABLE_MODULES = YES;
				CLANG_ENABLE_OBJC_ARC = YES;
				CLANG_ENABLE_OBJC_WEAK = YES;
				CLANG_WARN_BLOCK_CAPTURE_AUTORELEASING = YES;
				CLANG_WARN_BOOL_CONVERSION = YES;
				CLANG_WARN_COMMA = YES;
				CLANG_WARN_CONSTANT_CONVERSION = YES;
				CLANG_WARN_DEPRECATED_OBJC_IMPLEMENTATIONS = YES;
				CLANG_WARN_DIRECT_OBJC_ISA_USAGE = YES_ERROR;
				CLANG_WARN_DOCUMENTATION_COMMENTS = YES;
				CLANG_WARN_EMPTY_BODY = YES;
				CLANG_WARN_ENUM_CONVERSION = YES;
				CLANG_WARN_INFINITE_RECURSION = YES;
				CLANG_WARN_INT_CONVERSION = YES;
				CLANG_WARN_NON_LITERAL_NULL_CONVERSION = YES;
				CLANG_WARN_OBJC_IMPLICIT_RETAIN_SELF = YES;
				CLANG_WARN_OBJC_LITERAL_CONVERSION = YES;
				CLANG_WARN_OBJC_ROOT_CLASS = YES_ERROR;
				CLANG_WARN_RANGE_LOOP_ANALYSIS = YES;
				CLANG_WARN_STRICT_PROTOTYPES = YES;
				CLANG_WARN_SUSPICIOUS_MOVE = YES;
				CLANG_WARN_UNGUARDED_AVAILABILITY = YES_AGGRESSIVE;
				CLANG_WARN_UNREACHABLE_CODE = YES;
				CLANG_WARN__DUPLICATE_METHOD_MATCH = YES;
				CODE_SIGN_IDENTITY = "iPhone Developer";
				COPY_PHASE_STRIP = NO;
				CURRENT_PROJECT_VERSION = 1;
				DEBUG_INFORMATION_FORMAT = "dwarf-with-dsym";
				ENABLE_NS_ASSERTIONS = NO;
				ENABLE_STRICT_OBJC_MSGSEND = YES;
				GCC_C_LANGUAGE_STANDARD = gnu11;
				GCC_NO_COMMON_BLOCKS = YES;
				GCC_WARN_64_TO_32_BIT_CONVERSION = YES;
				GCC_WARN_ABOUT_RETURN_TYPE = YES_ERROR;
				GCC_WARN_UNDECLARED_SELECTOR = YES;
				GCC_WARN_UNINITIALIZED_AUTOS = YES_AGGRESSIVE;
				GCC_WARN_UNUSED_FUNCTION = YES;
				GCC_WARN_UNUSED_VARIABLE = YES;
				IPHONEOS_DEPLOYMENT_TARGET = 8.0;
				MTL_ENABLE_DEBUG_INFO = NO;
				MTL_FAST_MATH = YES;
				SDKROOT = iphoneos;
				SWIFT_COMPILATION_MODE = wholemodule;
				SWIFT_OPTIMIZATION_LEVEL = "-O";
				VALIDATE_PRODUCT = YES;
				VERSIONING_SYSTEM = "apple-generic";
				VERSION_INFO_PREFIX = "";
			};
			name = Release;
		};
		55BEEDEB216DD06400E29001 /* Debug */ = {
			isa = XCBuildConfiguration;
			buildSettings = {
				CLANG_ENABLE_MODULES = YES;
				CODE_SIGN_IDENTITY = "";
				CODE_SIGN_STYLE = Automatic;
				DEFINES_MODULE = YES;
				DEVELOPMENT_TEAM = LBU8SW9J9R;
				DYLIB_COMPATIBILITY_VERSION = 1;
				DYLIB_CURRENT_VERSION = 1;
				DYLIB_INSTALL_NAME_BASE = "@rpath";
				FRAMEWORK_SEARCH_PATHS = (
					"$(inherited)",
					"$(PROJECT_DIR)/Carthage/Build/iOS",
					"$(PROJECT_DIR)",
				);
				INFOPLIST_FILE = RxAdMob/Info.plist;
				INSTALL_PATH = "$(LOCAL_LIBRARY_DIR)/Frameworks";
				IPHONEOS_DEPLOYMENT_TARGET = 8.0;
				LD_RUNPATH_SEARCH_PATHS = (
					"$(inherited)",
					"@executable_path/Frameworks",
					"@loader_path/Frameworks",
				);
				PRODUCT_BUNDLE_IDENTIFIER = kr.pindd.RxAdMob;
				PRODUCT_NAME = "$(TARGET_NAME:c99extidentifier)";
				SKIP_INSTALL = YES;
				SWIFT_OPTIMIZATION_LEVEL = "-Onone";
				SWIFT_VERSION = 5.0;
				TARGETED_DEVICE_FAMILY = "1,2";
			};
			name = Debug;
		};
		55BEEDEC216DD06400E29001 /* Release */ = {
			isa = XCBuildConfiguration;
			buildSettings = {
				CLANG_ENABLE_MODULES = YES;
				CODE_SIGN_IDENTITY = "";
				CODE_SIGN_STYLE = Automatic;
				DEFINES_MODULE = YES;
				DEVELOPMENT_TEAM = LBU8SW9J9R;
				DYLIB_COMPATIBILITY_VERSION = 1;
				DYLIB_CURRENT_VERSION = 1;
				DYLIB_INSTALL_NAME_BASE = "@rpath";
				FRAMEWORK_SEARCH_PATHS = (
					"$(inherited)",
					"$(PROJECT_DIR)/Carthage/Build/iOS",
					"$(PROJECT_DIR)",
				);
				INFOPLIST_FILE = RxAdMob/Info.plist;
				INSTALL_PATH = "$(LOCAL_LIBRARY_DIR)/Frameworks";
				IPHONEOS_DEPLOYMENT_TARGET = 8.0;
				LD_RUNPATH_SEARCH_PATHS = (
					"$(inherited)",
					"@executable_path/Frameworks",
					"@loader_path/Frameworks",
				);
				PRODUCT_BUNDLE_IDENTIFIER = kr.pindd.RxAdMob;
				PRODUCT_NAME = "$(TARGET_NAME:c99extidentifier)";
				SKIP_INSTALL = YES;
				SWIFT_VERSION = 5.0;
				TARGETED_DEVICE_FAMILY = "1,2";
			};
			name = Release;
		};
/* End XCBuildConfiguration section */

/* Begin XCConfigurationList section */
		555360D9216F197A0073EF66 /* Build configuration list for PBXNativeTarget "Example" */ = {
			isa = XCConfigurationList;
			buildConfigurations = (
				555360D7216F197A0073EF66 /* Debug */,
				555360D8216F197A0073EF66 /* Release */,
			);
			defaultConfigurationIsVisible = 0;
			defaultConfigurationName = Release;
		};
		55BEEDDC216DD06400E29001 /* Build configuration list for PBXProject "RxAdMob" */ = {
			isa = XCConfigurationList;
			buildConfigurations = (
				55BEEDE8216DD06400E29001 /* Debug */,
				55BEEDE9216DD06400E29001 /* Release */,
			);
			defaultConfigurationIsVisible = 0;
			defaultConfigurationName = Release;
		};
		55BEEDEA216DD06400E29001 /* Build configuration list for PBXNativeTarget "RxAdMob" */ = {
			isa = XCConfigurationList;
			buildConfigurations = (
				55BEEDEB216DD06400E29001 /* Debug */,
				55BEEDEC216DD06400E29001 /* Release */,
			);
			defaultConfigurationIsVisible = 0;
			defaultConfigurationName = Release;
		};
/* End XCConfigurationList section */
	};
	rootObject = 55BEEDD9216DD06400E29001 /* Project object */;
}
